
Microsoft Visual Studio Solution File, Format Version 11.00
# Visual Studio 2010
Project("{FAE04EC0-301F-11D3-BF4B-00C04F79EFBC}") = "visual-studio-stylus", "visual-studio-stylus\visual-studio-stylus.csproj", "{E00698EE-DCF8-4CB5-98F6-186810E7175F}"
EndProject
Global
	GlobalSection(SolutionConfigurationPlatforms) = preSolution
		Debug|Any CPU = Debug|Any CPU
		Release|Any CPU = Release|Any CPU
	EndGlobalSection
	GlobalSection(ProjectConfigurationPlatforms) = postSolution
		{E00698EE-DCF8-4CB5-98F6-186810E7175F}.Debug|Any CPU.ActiveCfg = Debug|Any CPU
		{E00698EE-DCF8-4CB5-98F6-186810E7175F}.Debug|Any CPU.Build.0 = Debug|Any CPU
		{E00698EE-DCF8-4CB5-98F6-186810E7175F}.Release|Any CPU.ActiveCfg = Release|Any CPU
		{E00698EE-DCF8-4CB5-98F6-186810E7175F}.Release|Any CPU.Build.0 = Release|Any CPU
	EndGlobalSection
	GlobalSection(SolutionProperties) = preSolution
		HideSolutionNode = FALSE
	EndGlobalSection
EndGlobal
